
Microsoft Visual Studio Solution File, Format Version 12.00
Project("{FAE04EC0-301F-11D3-BF4B-00C04F79EFBC}") = "Task1", "Task1\Task1.csproj", "{7978C385-4B2D-410A-AFB7-3D04B3BDFAE3}"
EndProject
Global
	GlobalSection(SolutionConfigurationPlatforms) = preSolution
		Debug|Any CPU = Debug|Any CPU
		Release|Any CPU = Release|Any CPU
	EndGlobalSection
	GlobalSection(ProjectConfigurationPlatforms) = postSolution
		{7978C385-4B2D-410A-AFB7-3D04B3BDFAE3}.Debug|Any CPU.ActiveCfg = Debug|Any CPU
		{7978C385-4B2D-410A-AFB7-3D04B3BDFAE3}.Debug|Any CPU.Build.0 = Debug|Any CPU
		{7978C385-4B2D-410A-AFB7-3D04B3BDFAE3}.Release|Any CPU.ActiveCfg = Release|Any CPU
		{7978C385-4B2D-410A-AFB7-3D04B3BDFAE3}.Release|Any CPU.Build.0 = Release|Any CPU
	EndGlobalSection
EndGlobal
