
Microsoft Visual Studio Solution File, Format Version 12.00
# Visual Studio Version 17
VisualStudioVersion = 17.13.35825.156 d17.13
MinimumVisualStudioVersion = 10.0.40219.1
Project("{FAE04EC0-301F-11D3-BF4B-00C04F79EFBC}") = "353504_Antonava_Lab4", "353504_Antonava_Lab4\353504_Antonava_Lab4.csproj", "{CA1AC4BF-6A35-4F17-881C-2FE487224223}"
EndProject
Global
	GlobalSection(SolutionConfigurationPlatforms) = preSolution
		Debug|Any CPU = Debug|Any CPU
		Release|Any CPU = Release|Any CPU
	EndGlobalSection
	GlobalSection(ProjectConfigurationPlatforms) = postSolution
		{CA1AC4BF-6A35-4F17-881C-2FE487224223}.Debug|Any CPU.ActiveCfg = Debug|Any CPU
		{CA1AC4BF-6A35-4F17-881C-2FE487224223}.Debug|Any CPU.Build.0 = Debug|Any CPU
		{CA1AC4BF-6A35-4F17-881C-2FE487224223}.Release|Any CPU.ActiveCfg = Release|Any CPU
		{CA1AC4BF-6A35-4F17-881C-2FE487224223}.Release|Any CPU.Build.0 = Release|Any CPU
	EndGlobalSection
	GlobalSection(SolutionProperties) = preSolution
		HideSolutionNode = FALSE
	EndGlobalSection
	GlobalSection(ExtensibilityGlobals) = postSolution
		SolutionGuid = {4617CB8D-1D34-4C48-B6C1-E9943BD324AD}
	EndGlobalSection
EndGlobal
