
Microsoft Visual Studio Solution File, Format Version 12.00
Project("{FAE04EC0-301F-11D3-BF4B-00C04F79EFBC}") = "ConsoleDoc", "ConsoleDoc\ConsoleDoc.csproj", "{5828C5ED-C64A-4AE7-BEA3-9CD30B741ED5}"
EndProject
Project("{FAE04EC0-301F-11D3-BF4B-00C04F79EFBC}") = "ConsoleDoc.Tests", "ConsoleDoc.Tests\ConsoleDoc.Tests.csproj", "{989E5145-F050-4065-87A7-CFD8B1AFC0F0}"
EndProject
Global
	GlobalSection(SolutionConfigurationPlatforms) = preSolution
		Debug|Any CPU = Debug|Any CPU
		Release|Any CPU = Release|Any CPU
	EndGlobalSection
	GlobalSection(ProjectConfigurationPlatforms) = postSolution
		{5828C5ED-C64A-4AE7-BEA3-9CD30B741ED5}.Debug|Any CPU.ActiveCfg = Debug|Any CPU
		{5828C5ED-C64A-4AE7-BEA3-9CD30B741ED5}.Debug|Any CPU.Build.0 = Debug|Any CPU
		{5828C5ED-C64A-4AE7-BEA3-9CD30B741ED5}.Release|Any CPU.ActiveCfg = Release|Any CPU
		{5828C5ED-C64A-4AE7-BEA3-9CD30B741ED5}.Release|Any CPU.Build.0 = Release|Any CPU
		{989E5145-F050-4065-87A7-CFD8B1AFC0F0}.Debug|Any CPU.ActiveCfg = Debug|Any CPU
		{989E5145-F050-4065-87A7-CFD8B1AFC0F0}.Debug|Any CPU.Build.0 = Debug|Any CPU
		{989E5145-F050-4065-87A7-CFD8B1AFC0F0}.Release|Any CPU.ActiveCfg = Release|Any CPU
		{989E5145-F050-4065-87A7-CFD8B1AFC0F0}.Release|Any CPU.Build.0 = Release|Any CPU
	EndGlobalSection
EndGlobal
